
Microsoft Visual Studio Solution File, Format Version 12.00
# Visual Studio Version 16
VisualStudioVersion = 16.0.30413.136
MinimumVisualStudioVersion = 10.0.40219.1
Project("{FAE04EC0-301F-11D3-BF4B-00C04F79EFBC}") = "RUAP_LV4", "RUAP_LV4\RUAP_LV4.csproj", "{2CC56B01-BB1F-472A-A877-A9683F5575C6}"
EndProject
Global
	GlobalSection(SolutionConfigurationPlatforms) = preSolution
		Debug|Any CPU = Debug|Any CPU
		Release|Any CPU = Release|Any CPU
	EndGlobalSection
	GlobalSection(ProjectConfigurationPlatforms) = postSolution
		{2CC56B01-BB1F-472A-A877-A9683F5575C6}.Debug|Any CPU.ActiveCfg = Debug|Any CPU
		{2CC56B01-BB1F-472A-A877-A9683F5575C6}.Debug|Any CPU.Build.0 = Debug|Any CPU
		{2CC56B01-BB1F-472A-A877-A9683F5575C6}.Release|Any CPU.ActiveCfg = Release|Any CPU
		{2CC56B01-BB1F-472A-A877-A9683F5575C6}.Release|Any CPU.Build.0 = Release|Any CPU
	EndGlobalSection
	GlobalSection(SolutionProperties) = preSolution
		HideSolutionNode = FALSE
	EndGlobalSection
	GlobalSection(ExtensibilityGlobals) = postSolution
		SolutionGuid = {1F2FBC29-6A57-4577-BD2E-A613713DDACB}
	EndGlobalSection
EndGlobal
